
Microsoft Visual Studio Solution File, Format Version 12.00
# Visual Studio Version 17
VisualStudioVersion = 17.7.34031.279
MinimumVisualStudioVersion = 10.0.40219.1
Project("{FAE04EC0-301F-11D3-BF4B-00C04F79EFBC}") = "EjerciciosDI", "EjerciciosDI\EjerciciosDI.csproj", "{95EAA0CA-2C40-4495-9E7A-E41351638C7E}"
EndProject
Global
	GlobalSection(SolutionConfigurationPlatforms) = preSolution
		Debug|Any CPU = Debug|Any CPU
		Release|Any CPU = Release|Any CPU
	EndGlobalSection
	GlobalSection(ProjectConfigurationPlatforms) = postSolution
		{95EAA0CA-2C40-4495-9E7A-E41351638C7E}.Debug|Any CPU.ActiveCfg = Debug|Any CPU
		{95EAA0CA-2C40-4495-9E7A-E41351638C7E}.Debug|Any CPU.Build.0 = Debug|Any CPU
		{95EAA0CA-2C40-4495-9E7A-E41351638C7E}.Release|Any CPU.ActiveCfg = Release|Any CPU
		{95EAA0CA-2C40-4495-9E7A-E41351638C7E}.Release|Any CPU.Build.0 = Release|Any CPU
	EndGlobalSection
	GlobalSection(SolutionProperties) = preSolution
		HideSolutionNode = FALSE
	EndGlobalSection
	GlobalSection(ExtensibilityGlobals) = postSolution
		SolutionGuid = {A0A0C5C8-3A4D-4849-BCB6-91ED69412916}
	EndGlobalSection
EndGlobal
